
Microsoft Visual Studio Solution File, Format Version 12.00
# Visual Studio Version 16
VisualStudioVersion = 16.0.29926.136
MinimumVisualStudioVersion = 10.0.40219.1
Project("{FAE04EC0-301F-11D3-BF4B-00C04F79EFBC}") = "ProjectTestApiViaCep", "ProjectTestApiViaCep\ProjectTestApiViaCep.csproj", "{50360B44-9C4C-4CCA-8A68-75E3B0CCAE70}"
EndProject
Global
	GlobalSection(SolutionConfigurationPlatforms) = preSolution
		Debug|Any CPU = Debug|Any CPU
		Release|Any CPU = Release|Any CPU
	EndGlobalSection
	GlobalSection(ProjectConfigurationPlatforms) = postSolution
		{50360B44-9C4C-4CCA-8A68-75E3B0CCAE70}.Debug|Any CPU.ActiveCfg = Debug|Any CPU
		{50360B44-9C4C-4CCA-8A68-75E3B0CCAE70}.Debug|Any CPU.Build.0 = Debug|Any CPU
		{50360B44-9C4C-4CCA-8A68-75E3B0CCAE70}.Release|Any CPU.ActiveCfg = Release|Any CPU
		{50360B44-9C4C-4CCA-8A68-75E3B0CCAE70}.Release|Any CPU.Build.0 = Release|Any CPU
	EndGlobalSection
	GlobalSection(SolutionProperties) = preSolution
		HideSolutionNode = FALSE
	EndGlobalSection
	GlobalSection(ExtensibilityGlobals) = postSolution
		SolutionGuid = {307329D7-AD35-4DB0-AEA1-983484EF097E}
	EndGlobalSection
EndGlobal
